// !$*UTF8*$!
{
	archiveVersion = 1;
	classes = {
	};
	objectVersion = 46;
	objects = {

/* Begin PBXBuildFile section */
		7EE6DB27DA53F5DC19ABD982 /* libPods-LearnObjective-C.a in Frameworks */ = {isa = PBXBuildFile; fileRef = BA508AB709AEC831848D3753 /* libPods-LearnObjective-C.a */; };
		B81E2DCF1D24FDAB0084DD41 /* main.m in Sources */ = {isa = PBXBuildFile; fileRef = B81E2DCE1D24FDAB0084DD41 /* main.m */; };
		B81E2DD21D24FDAB0084DD41 /* AppDelegate.m in Sources */ = {isa = PBXBuildFile; fileRef = B81E2DD11D24FDAB0084DD41 /* AppDelegate.m */; };
		B81E2DDA1D24FDAB0084DD41 /* Assets.xcassets in Resources */ = {isa = PBXBuildFile; fileRef = B81E2DD91D24FDAB0084DD41 /* Assets.xcassets */; };
		B81E2DE81D24FEDA0084DD41 /* MainViewController.m in Sources */ = {isa = PBXBuildFile; fileRef = B81E2DE71D24FEDA0084DD41 /* MainViewController.m */; };
		B81E2DEB1D24FF7E0084DD41 /* NSPredicateViewController.m in Sources */ = {isa = PBXBuildFile; fileRef = B81E2DEA1D24FF7E0084DD41 /* NSPredicateViewController.m */; };
		B840CF6F1D472DDE0092313E /* RunLoopViewController.m in Sources */ = {isa = PBXBuildFile; fileRef = B840CF6E1D472DDE0092313E /* RunLoopViewController.m */; settings = {COMPILER_FLAGS = "-fno-objc-arc"; }; };
		B86B423B1D4243C6007F1053 /* DrawViewController.m in Sources */ = {isa = PBXBuildFile; fileRef = B86B423A1D4243C6007F1053 /* DrawViewController.m */; };
		B86B42441D424F49007F1053 /* CoreText.framework in Frameworks */ = {isa = PBXBuildFile; fileRef = B86B42431D424F49007F1053 /* CoreText.framework */; };
		DE06BE7B2117EE5B006334E7 /* CustomView.m in Sources */ = {isa = PBXBuildFile; fileRef = DE06BE7A2117EE5B006334E7 /* CustomView.m */; };
		DE06BE822117F4B6006334E7 /* CustomPresent.m in Sources */ = {isa = PBXBuildFile; fileRef = DE06BE812117F4B6006334E7 /* CustomPresent.m */; };
		DE06BE882117FBE2006334E7 /* WBNaviTransition.m in Sources */ = {isa = PBXBuildFile; fileRef = DE06BE872117FBE2006334E7 /* WBNaviTransition.m */; };
		DE06BE8F21183E34006334E7 /* OperationViewController.m in Sources */ = {isa = PBXBuildFile; fileRef = DE06BE8E21183E34006334E7 /* OperationViewController.m */; };
		DE06BE9321184044006334E7 /* MyOperation.m in Sources */ = {isa = PBXBuildFile; fileRef = DE06BE9221184044006334E7 /* MyOperation.m */; };
		DE06BE9621184053006334E7 /* MyRequest.m in Sources */ = {isa = PBXBuildFile; fileRef = DE06BE9521184053006334E7 /* MyRequest.m */; };
		DE1BC33E1D8146FF007E7FA2 /* HomeViewController.m in Sources */ = {isa = PBXBuildFile; fileRef = DE1BC33D1D8146FF007E7FA2 /* HomeViewController.m */; };
		DE1BC3411D814708007E7FA2 /* HeaderContext.m in Sources */ = {isa = PBXBuildFile; fileRef = DE1BC3401D814708007E7FA2 /* HeaderContext.m */; };
		DE1BC34B1D814B0D007E7FA2 /* ADBannaer.m in Sources */ = {isa = PBXBuildFile; fileRef = DE1BC34A1D814B0D007E7FA2 /* ADBannaer.m */; };
		DE2AC4B81D99134500A38F93 /* FeedPerformsViewController.m in Sources */ = {isa = PBXBuildFile; fileRef = DE2AC4B71D99134500A38F93 /* FeedPerformsViewController.m */; };
		DE2AC4BA1D99175400A38F93 /* performsdata.json in Resources */ = {isa = PBXBuildFile; fileRef = DE2AC4B91D99175400A38F93 /* performsdata.json */; };
		DE3350E421B4F43700AED4F4 /* JSContextViewController.m in Sources */ = {isa = PBXBuildFile; fileRef = DE3350E221B4F43700AED4F4 /* JSContextViewController.m */; };
		DE3350E621B4F48C00AED4F4 /* page.js in Resources */ = {isa = PBXBuildFile; fileRef = DE3350E521B4F48C00AED4F4 /* page.js */; };
		DE3350E821B4F49B00AED4F4 /* service.js in Resources */ = {isa = PBXBuildFile; fileRef = DE3350E721B4F49B00AED4F4 /* service.js */; };
		DE4DF8DF1D66DA9000A6AB11 /* FPSObject.m in Sources */ = {isa = PBXBuildFile; fileRef = DE4DF8DE1D66DA9000A6AB11 /* FPSObject.m */; };
		DE514A451DD2FF8400D01983 /* ProtocolViewController.m in Sources */ = {isa = PBXBuildFile; fileRef = DE514A441DD2FF8400D01983 /* ProtocolViewController.m */; };
		DE514A481DD3009300D01983 /* MyObject.m in Sources */ = {isa = PBXBuildFile; fileRef = DE514A471DD3009300D01983 /* MyObject.m */; };
		DE58A2441D5984A600F78879 /* ThreadViewController.m in Sources */ = {isa = PBXBuildFile; fileRef = DE58A2431D5984A600F78879 /* ThreadViewController.m */; };
		DE5B20A321C0E58A00F0B351 /* InvocationViewController.m in Sources */ = {isa = PBXBuildFile; fileRef = DE5B20A221C0E58A00F0B351 /* InvocationViewController.m */; };
		DE5B20A721C0FAD100F0B351 /* NavigatorViewController.m in Sources */ = {isa = PBXBuildFile; fileRef = DE5B20A621C0FAD100F0B351 /* NavigatorViewController.m */; };
		DE6157B12112F34E006CF725 /* JSCoreViewController.m in Sources */ = {isa = PBXBuildFile; fileRef = DE6157B02112F34E006CF725 /* JSCoreViewController.m */; };
		DE6157B42112F3A1006CF725 /* JavaScriptCore.framework in Frameworks */ = {isa = PBXBuildFile; fileRef = DE6157B32112F3A1006CF725 /* JavaScriptCore.framework */; };
		DE6157B721130268006CF725 /* index.html in Resources */ = {isa = PBXBuildFile; fileRef = DE6157B621130268006CF725 /* index.html */; };
		DE6157BB21132404006CF725 /* NSStringViewController.m in Sources */ = {isa = PBXBuildFile; fileRef = DE6157BA21132404006CF725 /* NSStringViewController.m */; };
		DE6157C021143483006CF725 /* ReactViewController.m in Sources */ = {isa = PBXBuildFile; fileRef = DE6157BF21143483006CF725 /* ReactViewController.m */; };
		DE624B011D9A5991006C4B94 /* analysisdata.json in Resources */ = {isa = PBXBuildFile; fileRef = DE624B001D9A5991006C4B94 /* analysisdata.json */; };
		DE624B0F1D9BCEE5006C4B94 /* CoreTextViewController.m in Sources */ = {isa = PBXBuildFile; fileRef = DE624B0E1D9BCEE5006C4B94 /* CoreTextViewController.m */; };
		DE624B201D9CF9C1006C4B94 /* test.png in Resources */ = {isa = PBXBuildFile; fileRef = DE624B1F1D9CF9C1006C4B94 /* test.png */; };
		DE8DD8251D9E07D40076821F /* test1.png in Resources */ = {isa = PBXBuildFile; fileRef = DE8DD8241D9E07D40076821F /* test1.png */; };
		DE9173C91D5344DF008A0925 /* AsyncDrawViewController.m in Sources */ = {isa = PBXBuildFile; fileRef = DE9173C81D5344DF008A0925 /* AsyncDrawViewController.m */; };
		DE9173CC1D534894008A0925 /* AsyncView.m in Sources */ = {isa = PBXBuildFile; fileRef = DE9173CB1D534894008A0925 /* AsyncView.m */; };
		DE979C0620EB68A10048EE29 /* ExternTest.m in Sources */ = {isa = PBXBuildFile; fileRef = DE979C0520EB68A10048EE29 /* ExternTest.m */; };
		DEBAD0621DAF516A0006CA28 /* MyScrollViewController.m in Sources */ = {isa = PBXBuildFile; fileRef = DEBAD0611DAF516A0006CA28 /* MyScrollViewController.m */; };
		DEBD20681D6AD03D0084AEBC /* BaseModel.m in Sources */ = {isa = PBXBuildFile; fileRef = DEBD20671D6AD03D0084AEBC /* BaseModel.m */; };
		DEBD206B1D6AD3360084AEBC /* testModel.m in Sources */ = {isa = PBXBuildFile; fileRef = DEBD206A1D6AD3360084AEBC /* testModel.m */; };
		DEDE65671D922AF1005BE223 /* SemaphoreViewController.m in Sources */ = {isa = PBXBuildFile; fileRef = DEDE65661D922AF1005BE223 /* SemaphoreViewController.m */; };
/* End PBXBuildFile section */

/* Begin PBXFileReference section */
		3079CFF14774FDA1E271E4D3 /* Pods-LearnObjective-C.debug.xcconfig */ = {isa = PBXFileReference; includeInIndex = 1; lastKnownFileType = text.xcconfig; name = "Pods-LearnObjective-C.debug.xcconfig"; path = "Pods/Target Support Files/Pods-LearnObjective-C/Pods-LearnObjective-C.debug.xcconfig"; sourceTree = "<group>"; };
		B81E2DCA1D24FDAB0084DD41 /* LearnObjective-C.app */ = {isa = PBXFileReference; explicitFileType = wrapper.application; includeInIndex = 0; path = "LearnObjective-C.app"; sourceTree = BUILT_PRODUCTS_DIR; };
		B81E2DCE1D24FDAB0084DD41 /* main.m */ = {isa = PBXFileReference; lastKnownFileType = sourcecode.c.objc; path = main.m; sourceTree = "<group>"; };
		B81E2DD01D24FDAB0084DD41 /* AppDelegate.h */ = {isa = PBXFileReference; lastKnownFileType = sourcecode.c.h; path = AppDelegate.h; sourceTree = "<group>"; };
		B81E2DD11D24FDAB0084DD41 /* AppDelegate.m */ = {isa = PBXFileReference; lastKnownFileType = sourcecode.c.objc; path = AppDelegate.m; sourceTree = "<group>"; };
		B81E2DD91D24FDAB0084DD41 /* Assets.xcassets */ = {isa = PBXFileReference; lastKnownFileType = folder.assetcatalog; path = Assets.xcassets; sourceTree = "<group>"; };
		B81E2DDE1D24FDAB0084DD41 /* Info.plist */ = {isa = PBXFileReference; lastKnownFileType = text.plist.xml; path = Info.plist; sourceTree = "<group>"; };
		B81E2DE61D24FEDA0084DD41 /* MainViewController.h */ = {isa = PBXFileReference; fileEncoding = 4; lastKnownFileType = sourcecode.c.h; path = MainViewController.h; sourceTree = "<group>"; };
		B81E2DE71D24FEDA0084DD41 /* MainViewController.m */ = {isa = PBXFileReference; fileEncoding = 4; lastKnownFileType = sourcecode.c.objc; path = MainViewController.m; sourceTree = "<group>"; };
		B81E2DE91D24FF7E0084DD41 /* NSPredicateViewController.h */ = {isa = PBXFileReference; fileEncoding = 4; lastKnownFileType = sourcecode.c.h; path = NSPredicateViewController.h; sourceTree = "<group>"; };
		B81E2DEA1D24FF7E0084DD41 /* NSPredicateViewController.m */ = {isa = PBXFileReference; fileEncoding = 4; lastKnownFileType = sourcecode.c.objc; path = NSPredicateViewController.m; sourceTree = "<group>"; };
		B840CF6D1D472DDE0092313E /* RunLoopViewController.h */ = {isa = PBXFileReference; fileEncoding = 4; lastKnownFileType = sourcecode.c.h; path = RunLoopViewController.h; sourceTree = "<group>"; };
		B840CF6E1D472DDE0092313E /* RunLoopViewController.m */ = {isa = PBXFileReference; fileEncoding = 4; lastKnownFileType = sourcecode.c.objc; path = RunLoopViewController.m; sourceTree = "<group>"; };
		B86B42391D4243C6007F1053 /* DrawViewController.h */ = {isa = PBXFileReference; fileEncoding = 4; lastKnownFileType = sourcecode.c.h; path = DrawViewController.h; sourceTree = "<group>"; };
		B86B423A1D4243C6007F1053 /* DrawViewController.m */ = {isa = PBXFileReference; fileEncoding = 4; lastKnownFileType = sourcecode.c.objc; path = DrawViewController.m; sourceTree = "<group>"; };
		B86B42431D424F49007F1053 /* CoreText.framework */ = {isa = PBXFileReference; lastKnownFileType = wrapper.framework; name = CoreText.framework; path = System/Library/Frameworks/CoreText.framework; sourceTree = SDKROOT; };
		BA508AB709AEC831848D3753 /* libPods-LearnObjective-C.a */ = {isa = PBXFileReference; explicitFileType = archive.ar; includeInIndex = 0; path = "libPods-LearnObjective-C.a"; sourceTree = BUILT_PRODUCTS_DIR; };
		C85EB788C035C93B344FDF41 /* Pods-LearnObjective-C.release.xcconfig */ = {isa = PBXFileReference; includeInIndex = 1; lastKnownFileType = text.xcconfig; name = "Pods-LearnObjective-C.release.xcconfig"; path = "Pods/Target Support Files/Pods-LearnObjective-C/Pods-LearnObjective-C.release.xcconfig"; sourceTree = "<group>"; };
		DE06BE792117EE5B006334E7 /* CustomView.h */ = {isa = PBXFileReference; lastKnownFileType = sourcecode.c.h; path = CustomView.h; sourceTree = "<group>"; };
		DE06BE7A2117EE5B006334E7 /* CustomView.m */ = {isa = PBXFileReference; lastKnownFileType = sourcecode.c.objc; path = CustomView.m; sourceTree = "<group>"; };
		DE06BE802117F4B6006334E7 /* CustomPresent.h */ = {isa = PBXFileReference; lastKnownFileType = sourcecode.c.h; path = CustomPresent.h; sourceTree = "<group>"; };
		DE06BE812117F4B6006334E7 /* CustomPresent.m */ = {isa = PBXFileReference; lastKnownFileType = sourcecode.c.objc; path = CustomPresent.m; sourceTree = "<group>"; };
		DE06BE862117FBE2006334E7 /* WBNaviTransition.h */ = {isa = PBXFileReference; lastKnownFileType = sourcecode.c.h; path = WBNaviTransition.h; sourceTree = "<group>"; };
		DE06BE872117FBE2006334E7 /* WBNaviTransition.m */ = {isa = PBXFileReference; lastKnownFileType = sourcecode.c.objc; path = WBNaviTransition.m; sourceTree = "<group>"; };
		DE06BE8D21183E34006334E7 /* OperationViewController.h */ = {isa = PBXFileReference; lastKnownFileType = sourcecode.c.h; path = OperationViewController.h; sourceTree = "<group>"; };
		DE06BE8E21183E34006334E7 /* OperationViewController.m */ = {isa = PBXFileReference; lastKnownFileType = sourcecode.c.objc; path = OperationViewController.m; sourceTree = "<group>"; };
		DE06BE9121184044006334E7 /* MyOperation.h */ = {isa = PBXFileReference; lastKnownFileType = sourcecode.c.h; path = MyOperation.h; sourceTree = "<group>"; };
		DE06BE9221184044006334E7 /* MyOperation.m */ = {isa = PBXFileReference; lastKnownFileType = sourcecode.c.objc; path = MyOperation.m; sourceTree = "<group>"; };
		DE06BE9421184053006334E7 /* MyRequest.h */ = {isa = PBXFileReference; lastKnownFileType = sourcecode.c.h; path = MyRequest.h; sourceTree = "<group>"; };
		DE06BE9521184053006334E7 /* MyRequest.m */ = {isa = PBXFileReference; lastKnownFileType = sourcecode.c.objc; path = MyRequest.m; sourceTree = "<group>"; };
		DE1BC33C1D8146FF007E7FA2 /* HomeViewController.h */ = {isa = PBXFileReference; fileEncoding = 4; lastKnownFileType = sourcecode.c.h; path = HomeViewController.h; sourceTree = "<group>"; };
		DE1BC33D1D8146FF007E7FA2 /* HomeViewController.m */ = {isa = PBXFileReference; fileEncoding = 4; lastKnownFileType = sourcecode.c.objc; path = HomeViewController.m; sourceTree = "<group>"; };
		DE1BC33F1D814708007E7FA2 /* HeaderContext.h */ = {isa = PBXFileReference; fileEncoding = 4; lastKnownFileType = sourcecode.c.h; path = HeaderContext.h; sourceTree = "<group>"; };
		DE1BC3401D814708007E7FA2 /* HeaderContext.m */ = {isa = PBXFileReference; fileEncoding = 4; lastKnownFileType = sourcecode.c.objc; path = HeaderContext.m; sourceTree = "<group>"; };
		DE1BC3491D814B0D007E7FA2 /* ADBannaer.h */ = {isa = PBXFileReference; fileEncoding = 4; lastKnownFileType = sourcecode.c.h; path = ADBannaer.h; sourceTree = "<group>"; };
		DE1BC34A1D814B0D007E7FA2 /* ADBannaer.m */ = {isa = PBXFileReference; fileEncoding = 4; lastKnownFileType = sourcecode.c.objc; path = ADBannaer.m; sourceTree = "<group>"; };
		DE2AC4B61D99134500A38F93 /* FeedPerformsViewController.h */ = {isa = PBXFileReference; fileEncoding = 4; lastKnownFileType = sourcecode.c.h; path = FeedPerformsViewController.h; sourceTree = "<group>"; };
		DE2AC4B71D99134500A38F93 /* FeedPerformsViewController.m */ = {isa = PBXFileReference; fileEncoding = 4; lastKnownFileType = sourcecode.c.objc; path = FeedPerformsViewController.m; sourceTree = "<group>"; };
		DE2AC4B91D99175400A38F93 /* performsdata.json */ = {isa = PBXFileReference; fileEncoding = 4; lastKnownFileType = text.json; path = performsdata.json; sourceTree = "<group>"; };
		DE3350E221B4F43700AED4F4 /* JSContextViewController.m */ = {isa = PBXFileReference; fileEncoding = 4; lastKnownFileType = sourcecode.c.objc; path = JSContextViewController.m; sourceTree = "<group>"; };
		DE3350E321B4F43700AED4F4 /* JSContextViewController.h */ = {isa = PBXFileReference; fileEncoding = 4; lastKnownFileType = sourcecode.c.h; path = JSContextViewController.h; sourceTree = "<group>"; };
		DE3350E521B4F48C00AED4F4 /* page.js */ = {isa = PBXFileReference; lastKnownFileType = sourcecode.javascript; path = page.js; sourceTree = "<group>"; };
		DE3350E721B4F49B00AED4F4 /* service.js */ = {isa = PBXFileReference; lastKnownFileType = sourcecode.javascript; path = service.js; sourceTree = "<group>"; };
		DE4DF8DD1D66DA9000A6AB11 /* FPSObject.h */ = {isa = PBXFileReference; fileEncoding = 4; lastKnownFileType = sourcecode.c.h; path = FPSObject.h; sourceTree = "<group>"; };
		DE4DF8DE1D66DA9000A6AB11 /* FPSObject.m */ = {isa = PBXFileReference; fileEncoding = 4; lastKnownFileType = sourcecode.c.objc; path = FPSObject.m; sourceTree = "<group>"; };
		DE514A431DD2FF8400D01983 /* ProtocolViewController.h */ = {isa = PBXFileReference; fileEncoding = 4; lastKnownFileType = sourcecode.c.h; path = ProtocolViewController.h; sourceTree = "<group>"; };
		DE514A441DD2FF8400D01983 /* ProtocolViewController.m */ = {isa = PBXFileReference; fileEncoding = 4; lastKnownFileType = sourcecode.c.objc; path = ProtocolViewController.m; sourceTree = "<group>"; };
		DE514A461DD3009300D01983 /* MyObject.h */ = {isa = PBXFileReference; fileEncoding = 4; lastKnownFileType = sourcecode.c.h; path = MyObject.h; sourceTree = "<group>"; };
		DE514A471DD3009300D01983 /* MyObject.m */ = {isa = PBXFileReference; fileEncoding = 4; lastKnownFileType = sourcecode.c.objc; path = MyObject.m; sourceTree = "<group>"; };
		DE58A2421D5984A600F78879 /* ThreadViewController.h */ = {isa = PBXFileReference; fileEncoding = 4; lastKnownFileType = sourcecode.c.h; path = ThreadViewController.h; sourceTree = "<group>"; };
		DE58A2431D5984A600F78879 /* ThreadViewController.m */ = {isa = PBXFileReference; fileEncoding = 4; lastKnownFileType = sourcecode.c.objc; path = ThreadViewController.m; sourceTree = "<group>"; };
		DE5B20A121C0E58A00F0B351 /* InvocationViewController.h */ = {isa = PBXFileReference; lastKnownFileType = sourcecode.c.h; path = InvocationViewController.h; sourceTree = "<group>"; };
		DE5B20A221C0E58A00F0B351 /* InvocationViewController.m */ = {isa = PBXFileReference; lastKnownFileType = sourcecode.c.objc; path = InvocationViewController.m; sourceTree = "<group>"; };
		DE5B20A521C0FAD100F0B351 /* NavigatorViewController.h */ = {isa = PBXFileReference; lastKnownFileType = sourcecode.c.h; path = NavigatorViewController.h; sourceTree = "<group>"; };
		DE5B20A621C0FAD100F0B351 /* NavigatorViewController.m */ = {isa = PBXFileReference; lastKnownFileType = sourcecode.c.objc; path = NavigatorViewController.m; sourceTree = "<group>"; };
		DE6157AF2112F34E006CF725 /* JSCoreViewController.h */ = {isa = PBXFileReference; lastKnownFileType = sourcecode.c.h; path = JSCoreViewController.h; sourceTree = "<group>"; };
		DE6157B02112F34E006CF725 /* JSCoreViewController.m */ = {isa = PBXFileReference; lastKnownFileType = sourcecode.c.objc; path = JSCoreViewController.m; sourceTree = "<group>"; };
		DE6157B32112F3A1006CF725 /* JavaScriptCore.framework */ = {isa = PBXFileReference; lastKnownFileType = wrapper.framework; name = JavaScriptCore.framework; path = System/Library/Frameworks/JavaScriptCore.framework; sourceTree = SDKROOT; };
		DE6157B621130268006CF725 /* index.html */ = {isa = PBXFileReference; fileEncoding = 4; lastKnownFileType = text.html; path = index.html; sourceTree = "<group>"; };
		DE6157B921132404006CF725 /* NSStringViewController.h */ = {isa = PBXFileReference; lastKnownFileType = sourcecode.c.h; path = NSStringViewController.h; sourceTree = "<group>"; };
		DE6157BA21132404006CF725 /* NSStringViewController.m */ = {isa = PBXFileReference; lastKnownFileType = sourcecode.c.objc; path = NSStringViewController.m; sourceTree = "<group>"; };
		DE6157BE21143483006CF725 /* ReactViewController.h */ = {isa = PBXFileReference; lastKnownFileType = sourcecode.c.h; path = ReactViewController.h; sourceTree = "<group>"; };
		DE6157BF21143483006CF725 /* ReactViewController.m */ = {isa = PBXFileReference; lastKnownFileType = sourcecode.c.objc; path = ReactViewController.m; sourceTree = "<group>"; };
		DE624B001D9A5991006C4B94 /* analysisdata.json */ = {isa = PBXFileReference; fileEncoding = 4; lastKnownFileType = text.json; path = analysisdata.json; sourceTree = "<group>"; };
		DE624B0D1D9BCEE5006C4B94 /* CoreTextViewController.h */ = {isa = PBXFileReference; fileEncoding = 4; lastKnownFileType = sourcecode.c.h; path = CoreTextViewController.h; sourceTree = "<group>"; };
		DE624B0E1D9BCEE5006C4B94 /* CoreTextViewController.m */ = {isa = PBXFileReference; fileEncoding = 4; lastKnownFileType = sourcecode.c.objc; path = CoreTextViewController.m; sourceTree = "<group>"; };
		DE624B1F1D9CF9C1006C4B94 /* test.png */ = {isa = PBXFileReference; lastKnownFileType = image.png; path = test.png; sourceTree = "<group>"; };
		DE8DD8241D9E07D40076821F /* test1.png */ = {isa = PBXFileReference; lastKnownFileType = image.png; path = test1.png; sourceTree = "<group>"; };
		DE9173C71D5344DF008A0925 /* AsyncDrawViewController.h */ = {isa = PBXFileReference; fileEncoding = 4; lastKnownFileType = sourcecode.c.h; path = AsyncDrawViewController.h; sourceTree = "<group>"; };
		DE9173C81D5344DF008A0925 /* AsyncDrawViewController.m */ = {isa = PBXFileReference; fileEncoding = 4; lastKnownFileType = sourcecode.c.objc; path = AsyncDrawViewController.m; sourceTree = "<group>"; };
		DE9173CA1D534894008A0925 /* AsyncView.h */ = {isa = PBXFileReference; fileEncoding = 4; lastKnownFileType = sourcecode.c.h; path = AsyncView.h; sourceTree = "<group>"; };
		DE9173CB1D534894008A0925 /* AsyncView.m */ = {isa = PBXFileReference; fileEncoding = 4; lastKnownFileType = sourcecode.c.objc; path = AsyncView.m; sourceTree = "<group>"; };
		DE979C0420EB68A10048EE29 /* ExternTest.h */ = {isa = PBXFileReference; lastKnownFileType = sourcecode.c.h; path = ExternTest.h; sourceTree = "<group>"; };
		DE979C0520EB68A10048EE29 /* ExternTest.m */ = {isa = PBXFileReference; lastKnownFileType = sourcecode.c.objc; path = ExternTest.m; sourceTree = "<group>"; };
		DEBAD0601DAF516A0006CA28 /* MyScrollViewController.h */ = {isa = PBXFileReference; fileEncoding = 4; lastKnownFileType = sourcecode.c.h; path = MyScrollViewController.h; sourceTree = "<group>"; };
		DEBAD0611DAF516A0006CA28 /* MyScrollViewController.m */ = {isa = PBXFileReference; fileEncoding = 4; lastKnownFileType = sourcecode.c.objc; path = MyScrollViewController.m; sourceTree = "<group>"; };
		DEBD20661D6AD03D0084AEBC /* BaseModel.h */ = {isa = PBXFileReference; fileEncoding = 4; lastKnownFileType = sourcecode.c.h; path = BaseModel.h; sourceTree = "<group>"; };
		DEBD20671D6AD03D0084AEBC /* BaseModel.m */ = {isa = PBXFileReference; fileEncoding = 4; lastKnownFileType = sourcecode.c.objc; path = BaseModel.m; sourceTree = "<group>"; };
		DEBD20691D6AD3360084AEBC /* testModel.h */ = {isa = PBXFileReference; fileEncoding = 4; lastKnownFileType = sourcecode.c.h; path = testModel.h; sourceTree = "<group>"; };
		DEBD206A1D6AD3360084AEBC /* testModel.m */ = {isa = PBXFileReference; fileEncoding = 4; lastKnownFileType = sourcecode.c.objc; path = testModel.m; sourceTree = "<group>"; };
		DEDE65651D922AF1005BE223 /* SemaphoreViewController.h */ = {isa = PBXFileReference; fileEncoding = 4; lastKnownFileType = sourcecode.c.h; path = SemaphoreViewController.h; sourceTree = "<group>"; };
		DEDE65661D922AF1005BE223 /* SemaphoreViewController.m */ = {isa = PBXFileReference; fileEncoding = 4; lastKnownFileType = sourcecode.c.objc; path = SemaphoreViewController.m; sourceTree = "<group>"; };
/* End PBXFileReference section */

/* Begin PBXFrameworksBuildPhase section */
		B81E2DC71D24FDAB0084DD41 /* Frameworks */ = {
			isa = PBXFrameworksBuildPhase;
			buildActionMask = 2147483647;
			files = (
				DE6157B42112F3A1006CF725 /* JavaScriptCore.framework in Frameworks */,
				B86B42441D424F49007F1053 /* CoreText.framework in Frameworks */,
				7EE6DB27DA53F5DC19ABD982 /* libPods-LearnObjective-C.a in Frameworks */,
			);
			runOnlyForDeploymentPostprocessing = 0;
		};
/* End PBXFrameworksBuildPhase section */

/* Begin PBXGroup section */
		B81E2DC11D24FDAB0084DD41 = {
			isa = PBXGroup;
			children = (
				B86B42431D424F49007F1053 /* CoreText.framework */,
				B81E2DCC1D24FDAB0084DD41 /* LearnObjective-C */,
				DE58A2411D59849900F78879 /* Thread */,
				DE3350E121B4F41E00AED4F4 /* JSContext */,
				B86B42381D4243B9007F1053 /* Draw */,
				DE6157B8211323F1006CF725 /* NSString */,
				DEDE65641D922AD7005BE223 /* semaphore */,
				DE6157AE2112F33C006CF725 /* JSCore */,
				DE9173C61D5344BE008A0925 /* AsyncDraw */,
				DE06BE8C21183E23006334E7 /* Operation */,
				DE6157BD21143478006CF725 /* React */,
				B81E2DE51D24FE7D0084DD41 /* NSPredicate */,
				DE9173D41D54346A008A0925 /* CoreText */,
				DEBAD05F1DAF514F0006CA28 /* ScrollView */,
				DE1BC33B1D8146EF007E7FA2 /* Design */,
				DE2AC4B51D99132E00A38F93 /* feedperforms */,
				DEBD20651D6AD02E0084AEBC /* BaseModel */,
				DE4DF8DC1D66D93800A6AB11 /* FPS */,
				DE06BE7F2117F49B006334E7 /* present */,
				B840CF6C1D472DCC0092313E /* RunLoop */,
				B81E2DCB1D24FDAB0084DD41 /* Products */,
				DE6157B22112F3A1006CF725 /* Frameworks */,
				E57523E08331702D3110A677 /* Pods */,
			);
			sourceTree = "<group>";
		};
		B81E2DCB1D24FDAB0084DD41 /* Products */ = {
			isa = PBXGroup;
			children = (
				B81E2DCA1D24FDAB0084DD41 /* LearnObjective-C.app */,
			);
			name = Products;
			sourceTree = "<group>";
		};
		B81E2DCC1D24FDAB0084DD41 /* LearnObjective-C */ = {
			isa = PBXGroup;
			children = (
				DE5B20A421C0FABF00F0B351 /* Navigator */,
				DE5B20A021C0E56C00F0B351 /* Invocation */,
				DE514A421DD2FF7700D01983 /* Protocol */,
				B81E2DD01D24FDAB0084DD41 /* AppDelegate.h */,
				B81E2DD11D24FDAB0084DD41 /* AppDelegate.m */,
				B81E2DE61D24FEDA0084DD41 /* MainViewController.h */,
				B81E2DE71D24FEDA0084DD41 /* MainViewController.m */,
				B81E2DD91D24FDAB0084DD41 /* Assets.xcassets */,
				B81E2DDE1D24FDAB0084DD41 /* Info.plist */,
				B81E2DCD1D24FDAB0084DD41 /* Supporting Files */,
				DE979C0420EB68A10048EE29 /* ExternTest.h */,
				DE979C0520EB68A10048EE29 /* ExternTest.m */,
			);
			path = "LearnObjective-C";
			sourceTree = "<group>";
		};
		B81E2DCD1D24FDAB0084DD41 /* Supporting Files */ = {
			isa = PBXGroup;
			children = (
				B81E2DCE1D24FDAB0084DD41 /* main.m */,
			);
			name = "Supporting Files";
			sourceTree = "<group>";
		};
		B81E2DE51D24FE7D0084DD41 /* NSPredicate */ = {
			isa = PBXGroup;
			children = (
				B81E2DE91D24FF7E0084DD41 /* NSPredicateViewController.h */,
				B81E2DEA1D24FF7E0084DD41 /* NSPredicateViewController.m */,
			);
			path = NSPredicate;
			sourceTree = "<group>";
		};
		B840CF6C1D472DCC0092313E /* RunLoop */ = {
			isa = PBXGroup;
			children = (
				B840CF6D1D472DDE0092313E /* RunLoopViewController.h */,
				B840CF6E1D472DDE0092313E /* RunLoopViewController.m */,
			);
			path = RunLoop;
			sourceTree = "<group>";
		};
		B86B42381D4243B9007F1053 /* Draw */ = {
			isa = PBXGroup;
			children = (
				B86B42391D4243C6007F1053 /* DrawViewController.h */,
				B86B423A1D4243C6007F1053 /* DrawViewController.m */,
			);
			path = Draw;
			sourceTree = "<group>";
		};
		DE06BE7F2117F49B006334E7 /* present */ = {
			isa = PBXGroup;
			children = (
				DE06BE802117F4B6006334E7 /* CustomPresent.h */,
				DE06BE812117F4B6006334E7 /* CustomPresent.m */,
			);
			path = present;
			sourceTree = "<group>";
		};
		DE06BE8C21183E23006334E7 /* Operation */ = {
			isa = PBXGroup;
			children = (
				DE06BE8D21183E34006334E7 /* OperationViewController.h */,
				DE06BE8E21183E34006334E7 /* OperationViewController.m */,
				DE06BE9121184044006334E7 /* MyOperation.h */,
				DE06BE9221184044006334E7 /* MyOperation.m */,
				DE06BE9421184053006334E7 /* MyRequest.h */,
				DE06BE9521184053006334E7 /* MyRequest.m */,
			);
			path = Operation;
			sourceTree = "<group>";
		};
		DE1BC33B1D8146EF007E7FA2 /* Design */ = {
			isa = PBXGroup;
			children = (
				DE1BC33C1D8146FF007E7FA2 /* HomeViewController.h */,
				DE1BC33D1D8146FF007E7FA2 /* HomeViewController.m */,
				DE1BC33F1D814708007E7FA2 /* HeaderContext.h */,
				DE1BC3401D814708007E7FA2 /* HeaderContext.m */,
				DE1BC3491D814B0D007E7FA2 /* ADBannaer.h */,
				DE1BC34A1D814B0D007E7FA2 /* ADBannaer.m */,
			);
			path = Design;
			sourceTree = "<group>";
		};
		DE2AC4B51D99132E00A38F93 /* feedperforms */ = {
			isa = PBXGroup;
			children = (
				DE2AC4B61D99134500A38F93 /* FeedPerformsViewController.h */,
				DE2AC4B71D99134500A38F93 /* FeedPerformsViewController.m */,
				DE2AC4B91D99175400A38F93 /* performsdata.json */,
				DE624B001D9A5991006C4B94 /* analysisdata.json */,
			);
			path = feedperforms;
			sourceTree = "<group>";
		};
		DE3350E121B4F41E00AED4F4 /* JSContext */ = {
			isa = PBXGroup;
			children = (
				DE3350E321B4F43700AED4F4 /* JSContextViewController.h */,
				DE3350E221B4F43700AED4F4 /* JSContextViewController.m */,
				DE3350E521B4F48C00AED4F4 /* page.js */,
				DE3350E721B4F49B00AED4F4 /* service.js */,
			);
			path = JSContext;
			sourceTree = "<group>";
		};
		DE4DF8DC1D66D93800A6AB11 /* FPS */ = {
			isa = PBXGroup;
			children = (
				DE4DF8DD1D66DA9000A6AB11 /* FPSObject.h */,
				DE4DF8DE1D66DA9000A6AB11 /* FPSObject.m */,
			);
			path = FPS;
			sourceTree = "<group>";
		};
		DE514A421DD2FF7700D01983 /* Protocol */ = {
			isa = PBXGroup;
			children = (
				DE514A431DD2FF8400D01983 /* ProtocolViewController.h */,
				DE514A441DD2FF8400D01983 /* ProtocolViewController.m */,
				DE514A461DD3009300D01983 /* MyObject.h */,
				DE514A471DD3009300D01983 /* MyObject.m */,
			);
			path = Protocol;
			sourceTree = "<group>";
		};
		DE58A2411D59849900F78879 /* Thread */ = {
			isa = PBXGroup;
			children = (
				DE58A2421D5984A600F78879 /* ThreadViewController.h */,
				DE58A2431D5984A600F78879 /* ThreadViewController.m */,
			);
			path = Thread;
			sourceTree = "<group>";
		};
		DE5B20A021C0E56C00F0B351 /* Invocation */ = {
			isa = PBXGroup;
			children = (
				DE5B20A121C0E58A00F0B351 /* InvocationViewController.h */,
				DE5B20A221C0E58A00F0B351 /* InvocationViewController.m */,
			);
			path = Invocation;
			sourceTree = SOURCE_ROOT;
		};
		DE5B20A421C0FABF00F0B351 /* Navigator */ = {
			isa = PBXGroup;
			children = (
				DE5B20A521C0FAD100F0B351 /* NavigatorViewController.h */,
				DE5B20A621C0FAD100F0B351 /* NavigatorViewController.m */,
			);
			path = Navigator;
			sourceTree = SOURCE_ROOT;
		};
		DE6157AE2112F33C006CF725 /* JSCore */ = {
			isa = PBXGroup;
			children = (
				DE6157AF2112F34E006CF725 /* JSCoreViewController.h */,
				DE6157B02112F34E006CF725 /* JSCoreViewController.m */,
				DE6157B621130268006CF725 /* index.html */,
			);
			path = JSCore;
			sourceTree = "<group>";
		};
		DE6157B22112F3A1006CF725 /* Frameworks */ = {
			isa = PBXGroup;
			children = (
				DE6157B32112F3A1006CF725 /* JavaScriptCore.framework */,
				BA508AB709AEC831848D3753 /* libPods-LearnObjective-C.a */,
			);
			name = Frameworks;
			sourceTree = "<group>";
		};
		DE6157B8211323F1006CF725 /* NSString */ = {
			isa = PBXGroup;
			children = (
				DE6157B921132404006CF725 /* NSStringViewController.h */,
				DE6157BA21132404006CF725 /* NSStringViewController.m */,
			);
			path = NSString;
			sourceTree = SOURCE_ROOT;
		};
		DE6157BD21143478006CF725 /* React */ = {
			isa = PBXGroup;
			children = (
				DE6157BE21143483006CF725 /* ReactViewController.h */,
				DE6157BF21143483006CF725 /* ReactViewController.m */,
				DE06BE792117EE5B006334E7 /* CustomView.h */,
				DE06BE7A2117EE5B006334E7 /* CustomView.m */,
				DE06BE862117FBE2006334E7 /* WBNaviTransition.h */,
				DE06BE872117FBE2006334E7 /* WBNaviTransition.m */,
			);
			path = React;
			sourceTree = "<group>";
		};
		DE9173C61D5344BE008A0925 /* AsyncDraw */ = {
			isa = PBXGroup;
			children = (
				DE9173CA1D534894008A0925 /* AsyncView.h */,
				DE9173CB1D534894008A0925 /* AsyncView.m */,
				DE9173C71D5344DF008A0925 /* AsyncDrawViewController.h */,
				DE9173C81D5344DF008A0925 /* AsyncDrawViewController.m */,
			);
			path = AsyncDraw;
			sourceTree = "<group>";
		};
		DE9173D41D54346A008A0925 /* CoreText */ = {
			isa = PBXGroup;
			children = (
				DE624B0D1D9BCEE5006C4B94 /* CoreTextViewController.h */,
				DE624B0E1D9BCEE5006C4B94 /* CoreTextViewController.m */,
				DE624B1F1D9CF9C1006C4B94 /* test.png */,
				DE8DD8241D9E07D40076821F /* test1.png */,
			);
			path = CoreText;
			sourceTree = "<group>";
		};
		DEBAD05F1DAF514F0006CA28 /* ScrollView */ = {
			isa = PBXGroup;
			children = (
				DEBAD0601DAF516A0006CA28 /* MyScrollViewController.h */,
				DEBAD0611DAF516A0006CA28 /* MyScrollViewController.m */,
			);
			path = ScrollView;
			sourceTree = "<group>";
		};
		DEBD20651D6AD02E0084AEBC /* BaseModel */ = {
			isa = PBXGroup;
			children = (
				DEBD20661D6AD03D0084AEBC /* BaseModel.h */,
				DEBD20671D6AD03D0084AEBC /* BaseModel.m */,
				DEBD20691D6AD3360084AEBC /* testModel.h */,
				DEBD206A1D6AD3360084AEBC /* testModel.m */,
			);
			path = BaseModel;
			sourceTree = "<group>";
		};
		DEDE65641D922AD7005BE223 /* semaphore */ = {
			isa = PBXGroup;
			children = (
				DEDE65651D922AF1005BE223 /* SemaphoreViewController.h */,
				DEDE65661D922AF1005BE223 /* SemaphoreViewController.m */,
			);
			path = semaphore;
			sourceTree = "<group>";
		};
		E57523E08331702D3110A677 /* Pods */ = {
			isa = PBXGroup;
			children = (
				3079CFF14774FDA1E271E4D3 /* Pods-LearnObjective-C.debug.xcconfig */,
				C85EB788C035C93B344FDF41 /* Pods-LearnObjective-C.release.xcconfig */,
			);
			name = Pods;
			sourceTree = "<group>";
		};
/* End PBXGroup section */

/* Begin PBXNativeTarget section */
		B81E2DC91D24FDAB0084DD41 /* LearnObjective-C */ = {
			isa = PBXNativeTarget;
			buildConfigurationList = B81E2DE11D24FDAB0084DD41 /* Build configuration list for PBXNativeTarget "LearnObjective-C" */;
			buildPhases = (
				D21FCDB9ABFCED696D7D767B /* [CP] Check Pods Manifest.lock */,
				B81E2DC61D24FDAB0084DD41 /* Sources */,
				B81E2DC71D24FDAB0084DD41 /* Frameworks */,
				B81E2DC81D24FDAB0084DD41 /* Resources */,
				6C26380415CC909281A4FB33 /* [CP] Embed Pods Frameworks */,
				D3B6A619D2CF6200CE70DEBC /* [CP] Copy Pods Resources */,
			);
			buildRules = (
			);
			dependencies = (
			);
			name = "LearnObjective-C";
			productName = "LearnObjective-C";
			productReference = B81E2DCA1D24FDAB0084DD41 /* LearnObjective-C.app */;
			productType = "com.apple.product-type.application";
		};
/* End PBXNativeTarget section */

/* Begin PBXProject section */
		B81E2DC21D24FDAB0084DD41 /* Project object */ = {
			isa = PBXProject;
			attributes = {
				LastUpgradeCheck = 0730;
				ORGANIZATIONNAME = Dwight;
				TargetAttributes = {
					B81E2DC91D24FDAB0084DD41 = {
						CreatedOnToolsVersion = 7.3;
					};
				};
			};
			buildConfigurationList = B81E2DC51D24FDAB0084DD41 /* Build configuration list for PBXProject "LearnObjective-C" */;
			compatibilityVersion = "Xcode 3.2";
			developmentRegion = English;
			hasScannedForEncodings = 0;
			knownRegions = (
				en,
				Base,
			);
			mainGroup = B81E2DC11D24FDAB0084DD41;
			productRefGroup = B81E2DCB1D24FDAB0084DD41 /* Products */;
			projectDirPath = "";
			projectRoot = "";
			targets = (
				B81E2DC91D24FDAB0084DD41 /* LearnObjective-C */,
			);
		};
/* End PBXProject section */

/* Begin PBXResourcesBuildPhase section */
		B81E2DC81D24FDAB0084DD41 /* Resources */ = {
			isa = PBXResourcesBuildPhase;
			buildActionMask = 2147483647;
			files = (
				DE3350E621B4F48C00AED4F4 /* page.js in Resources */,
				DE624B011D9A5991006C4B94 /* analysisdata.json in Resources */,
				DE2AC4BA1D99175400A38F93 /* performsdata.json in Resources */,
				B81E2DDA1D24FDAB0084DD41 /* Assets.xcassets in Resources */,
				DE6157B721130268006CF725 /* index.html in Resources */,
				DE8DD8251D9E07D40076821F /* test1.png in Resources */,
				DE3350E821B4F49B00AED4F4 /* service.js in Resources */,
				DE624B201D9CF9C1006C4B94 /* test.png in Resources */,
			);
			runOnlyForDeploymentPostprocessing = 0;
		};
/* End PBXResourcesBuildPhase section */

/* Begin PBXShellScriptBuildPhase section */
		6C26380415CC909281A4FB33 /* [CP] Embed Pods Frameworks */ = {
			isa = PBXShellScriptBuildPhase;
			buildActionMask = 2147483647;
			files = (
			);
			inputPaths = (
			);
			name = "[CP] Embed Pods Frameworks";
			outputPaths = (
			);
			runOnlyForDeploymentPostprocessing = 0;
			shellPath = /bin/sh;
			shellScript = "\"${SRCROOT}/Pods/Target Support Files/Pods-LearnObjective-C/Pods-LearnObjective-C-frameworks.sh\"\n";
			showEnvVarsInLog = 0;
		};
		D21FCDB9ABFCED696D7D767B /* [CP] Check Pods Manifest.lock */ = {
			isa = PBXShellScriptBuildPhase;
			buildActionMask = 2147483647;
			files = (
			);
			inputPaths = (
			);
			name = "[CP] Check Pods Manifest.lock";
			outputPaths = (
			);
			runOnlyForDeploymentPostprocessing = 0;
			shellPath = /bin/sh;
			shellScript = "diff \"${PODS_ROOT}/../Podfile.lock\" \"${PODS_ROOT}/Manifest.lock\" > /dev/null\nif [ $? != 0 ] ; then\n    # print error to STDERR\n    echo \"error: The sandbox is not in sync with the Podfile.lock. Run 'pod install' or update your CocoaPods installation.\" >&2\n    exit 1\nfi\n";
			showEnvVarsInLog = 0;
		};
		D3B6A619D2CF6200CE70DEBC /* [CP] Copy Pods Resources */ = {
			isa = PBXShellScriptBuildPhase;
			buildActionMask = 2147483647;
			files = (
			);
			inputPaths = (
			);
			name = "[CP] Copy Pods Resources";
			outputPaths = (
			);
			runOnlyForDeploymentPostprocessing = 0;
			shellPath = /bin/sh;
			shellScript = "\"${SRCROOT}/Pods/Target Support Files/Pods-LearnObjective-C/Pods-LearnObjective-C-resources.sh\"\n";
			showEnvVarsInLog = 0;
		};
/* End PBXShellScriptBuildPhase section */

/* Begin PBXSourcesBuildPhase section */
		B81E2DC61D24FDAB0084DD41 /* Sources */ = {
			isa = PBXSourcesBuildPhase;
			buildActionMask = 2147483647;
			files = (
				B81E2DD21D24FDAB0084DD41 /* AppDelegate.m in Sources */,
				DE9173CC1D534894008A0925 /* AsyncView.m in Sources */,
				DE514A481DD3009300D01983 /* MyObject.m in Sources */,
				DE06BE9321184044006334E7 /* MyOperation.m in Sources */,
				DE58A2441D5984A600F78879 /* ThreadViewController.m in Sources */,
				DEBD206B1D6AD3360084AEBC /* testModel.m in Sources */,
				DE5B20A321C0E58A00F0B351 /* InvocationViewController.m in Sources */,
				DEBAD0621DAF516A0006CA28 /* MyScrollViewController.m in Sources */,
				DE6157C021143483006CF725 /* ReactViewController.m in Sources */,
				DE06BE882117FBE2006334E7 /* WBNaviTransition.m in Sources */,
				DE1BC34B1D814B0D007E7FA2 /* ADBannaer.m in Sources */,
				DE1BC3411D814708007E7FA2 /* HeaderContext.m in Sources */,
				DEBD20681D6AD03D0084AEBC /* BaseModel.m in Sources */,
				DE514A451DD2FF8400D01983 /* ProtocolViewController.m in Sources */,
				DEDE65671D922AF1005BE223 /* SemaphoreViewController.m in Sources */,
				DE06BE9621184053006334E7 /* MyRequest.m in Sources */,
				DE624B0F1D9BCEE5006C4B94 /* CoreTextViewController.m in Sources */,
				B86B423B1D4243C6007F1053 /* DrawViewController.m in Sources */,
				B840CF6F1D472DDE0092313E /* RunLoopViewController.m in Sources */,
				DE06BE7B2117EE5B006334E7 /* CustomView.m in Sources */,
				DE5B20A721C0FAD100F0B351 /* NavigatorViewController.m in Sources */,
				DE06BE8F21183E34006334E7 /* OperationViewController.m in Sources */,
				B81E2DE81D24FEDA0084DD41 /* MainViewController.m in Sources */,
				DE3350E421B4F43700AED4F4 /* JSContextViewController.m in Sources */,
				DE6157B12112F34E006CF725 /* JSCoreViewController.m in Sources */,
				DE979C0620EB68A10048EE29 /* ExternTest.m in Sources */,
				DE4DF8DF1D66DA9000A6AB11 /* FPSObject.m in Sources */,
				DE6157BB21132404006CF725 /* NSStringViewController.m in Sources */,
				B81E2DEB1D24FF7E0084DD41 /* NSPredicateViewController.m in Sources */,
				B81E2DCF1D24FDAB0084DD41 /* main.m in Sources */,
				DE9173C91D5344DF008A0925 /* AsyncDrawViewController.m in Sources */,
				DE1BC33E1D8146FF007E7FA2 /* HomeViewController.m in Sources */,
				DE06BE822117F4B6006334E7 /* CustomPresent.m in Sources */,
				DE2AC4B81D99134500A38F93 /* FeedPerformsViewController.m in Sources */,
			);
			runOnlyForDeploymentPostprocessing = 0;
		};
/* End PBXSourcesBuildPhase section */

/* Begin XCBuildConfiguration section */
		B81E2DDF1D24FDAB0084DD41 /* Debug */ = {
			isa = XCBuildConfiguration;
			buildSettings = {
				ALWAYS_SEARCH_USER_PATHS = NO;
				CLANG_ANALYZER_NONNULL = YES;
				CLANG_CXX_LANGUAGE_STANDARD = "gnu++0x";
				CLANG_CXX_LIBRARY = "libc++";
				CLANG_ENABLE_MODULES = YES;
				CLANG_ENABLE_OBJC_ARC = YES;
				CLANG_WARN_BOOL_CONVERSION = YES;
				CLANG_WARN_CONSTANT_CONVERSION = YES;
				CLANG_WARN_DIRECT_OBJC_ISA_USAGE = YES_ERROR;
				CLANG_WARN_EMPTY_BODY = YES;
				CLANG_WARN_ENUM_CONVERSION = YES;
				CLANG_WARN_INT_CONVERSION = YES;
				CLANG_WARN_OBJC_ROOT_CLASS = YES_ERROR;
				CLANG_WARN_UNREACHABLE_CODE = YES;
				CLANG_WARN__DUPLICATE_METHOD_MATCH = YES;
				"CODE_SIGN_IDENTITY[sdk=iphoneos*]" = "iPhone Developer";
				COPY_PHASE_STRIP = NO;
				DEBUG_INFORMATION_FORMAT = dwarf;
				ENABLE_STRICT_OBJC_MSGSEND = YES;
				ENABLE_TESTABILITY = YES;
				GCC_C_LANGUAGE_STANDARD = gnu99;
				GCC_DYNAMIC_NO_PIC = NO;
				GCC_NO_COMMON_BLOCKS = YES;
				GCC_OPTIMIZATION_LEVEL = 0;
				GCC_PREPROCESSOR_DEFINITIONS = (
					"DEBUG=1",
					"$(inherited)",
				);
				GCC_WARN_64_TO_32_BIT_CONVERSION = YES;
				GCC_WARN_ABOUT_RETURN_TYPE = YES_ERROR;
				GCC_WARN_UNDECLARED_SELECTOR = YES;
				GCC_WARN_UNINITIALIZED_AUTOS = YES_AGGRESSIVE;
				GCC_WARN_UNUSED_FUNCTION = YES;
				GCC_WARN_UNUSED_VARIABLE = YES;
				IPHONEOS_DEPLOYMENT_TARGET = 9.3;
				MTL_ENABLE_DEBUG_INFO = YES;
				ONLY_ACTIVE_ARCH = YES;
				SDKROOT = iphoneos;
				TARGETED_DEVICE_FAMILY = "1,2";
			};
			name = Debug;
		};
		B81E2DE01D24FDAB0084DD41 /* Release */ = {
			isa = XCBuildConfiguration;
			buildSettings = {
				ALWAYS_SEARCH_USER_PATHS = NO;
				CLANG_ANALYZER_NONNULL = YES;
				CLANG_CXX_LANGUAGE_STANDARD = "gnu++0x";
				CLANG_CXX_LIBRARY = "libc++";
				CLANG_ENABLE_MODULES = YES;
				CLANG_ENABLE_OBJC_ARC = YES;
				CLANG_WARN_BOOL_CONVERSION = YES;
				CLANG_WARN_CONSTANT_CONVERSION = YES;
				CLANG_WARN_DIRECT_OBJC_ISA_USAGE = YES_ERROR;
				CLANG_WARN_EMPTY_BODY = YES;
				CLANG_WARN_ENUM_CONVERSION = YES;
				CLANG_WARN_INT_CONVERSION = YES;
				CLANG_WARN_OBJC_ROOT_CLASS = YES_ERROR;
				CLANG_WARN_UNREACHABLE_CODE = YES;
				CLANG_WARN__DUPLICATE_METHOD_MATCH = YES;
				"CODE_SIGN_IDENTITY[sdk=iphoneos*]" = "iPhone Developer";
				COPY_PHASE_STRIP = NO;
				DEBUG_INFORMATION_FORMAT = "dwarf-with-dsym";
				ENABLE_NS_ASSERTIONS = NO;
				ENABLE_STRICT_OBJC_MSGSEND = YES;
				GCC_C_LANGUAGE_STANDARD = gnu99;
				GCC_NO_COMMON_BLOCKS = YES;
				GCC_WARN_64_TO_32_BIT_CONVERSION = YES;
				GCC_WARN_ABOUT_RETURN_TYPE = YES_ERROR;
				GCC_WARN_UNDECLARED_SELECTOR = YES;
				GCC_WARN_UNINITIALIZED_AUTOS = YES_AGGRESSIVE;
				GCC_WARN_UNUSED_FUNCTION = YES;
				GCC_WARN_UNUSED_VARIABLE = YES;
				IPHONEOS_DEPLOYMENT_TARGET = 9.3;
				MTL_ENABLE_DEBUG_INFO = NO;
				SDKROOT = iphoneos;
				TARGETED_DEVICE_FAMILY = "1,2";
				VALIDATE_PRODUCT = YES;
			};
			name = Release;
		};
		B81E2DE21D24FDAB0084DD41 /* Debug */ = {
			isa = XCBuildConfiguration;
			baseConfigurationReference = 3079CFF14774FDA1E271E4D3 /* Pods-LearnObjective-C.debug.xcconfig */;
			buildSettings = {
				ASSETCATALOG_COMPILER_APPICON_NAME = AppIcon;
				DHTEST = "\\@\\\"xxxxx\\\"";
				HEADER_SEARCH_PATHS = (
					"$(inherited)",
					"\"${PODS_ROOT}/Headers/Public\"",
					"\"${PODS_ROOT}/Headers/Public/React\"/**",
					"\"${PODS_ROOT}/Headers/Public/Yoga\"/**",
				);
				INFOPLIST_FILE = "LearnObjective-C/Info.plist";
				LD_RUNPATH_SEARCH_PATHS = "$(inherited) @executable_path/Frameworks";
				OTHER_CFLAGS = "-DEXPORTDHTEST=${DHTEST}";
				PRODUCT_BUNDLE_IDENTIFIER = "Dwight.LearnObjective-C";
				PRODUCT_NAME = "$(TARGET_NAME)";
			};
			name = Debug;
		};
		B81E2DE31D24FDAB0084DD41 /* Release */ = {
			isa = XCBuildConfiguration;
			baseConfigurationReference = C85EB788C035C93B344FDF41 /* Pods-LearnObjective-C.release.xcconfig */;
			buildSettings = {
				ASSETCATALOG_COMPILER_APPICON_NAME = AppIcon;
				DHTEST = "\\@\\\"xxxxx\\\"";
				HEADER_SEARCH_PATHS = (
					"$(inherited)",
					"\"${PODS_ROOT}/Headers/Public\"",
					"\"${PODS_ROOT}/Headers/Public/React\"/**",
					"\"${PODS_ROOT}/Headers/Public/Yoga\"/**",
				);
				INFOPLIST_FILE = "LearnObjective-C/Info.plist";
				LD_RUNPATH_SEARCH_PATHS = "$(inherited) @executable_path/Frameworks";
				OTHER_CFLAGS = "-DEXPORTDHTEST=${DHTEST}";
				PRODUCT_BUNDLE_IDENTIFIER = "Dwight.LearnObjective-C";
				PRODUCT_NAME = "$(TARGET_NAME)";
			};
			name = Release;
		};
/* End XCBuildConfiguration section */

/* Begin XCConfigurationList section */
		B81E2DC51D24FDAB0084DD41 /* Build configuration list for PBXProject "LearnObjective-C" */ = {
			isa = XCConfigurationList;
			buildConfigurations = (
				B81E2DDF1D24FDAB0084DD41 /* Debug */,
				B81E2DE01D24FDAB0084DD41 /* Release */,
			);
			defaultConfigurationIsVisible = 0;
			defaultConfigurationName = Release;
		};
		B81E2DE11D24FDAB0084DD41 /* Build configuration list for PBXNativeTarget "LearnObjective-C" */ = {
			isa = XCConfigurationList;
			buildConfigurations = (
				B81E2DE21D24FDAB0084DD41 /* Debug */,
				B81E2DE31D24FDAB0084DD41 /* Release */,
			);
			defaultConfigurationIsVisible = 0;
			defaultConfigurationName = Release;
		};
/* End XCConfigurationList section */
	};
	rootObject = B81E2DC21D24FDAB0084DD41 /* Project object */;
}
