// !$*UTF8*$!
{
	archiveVersion = 1;
	classes = {
	};
	objectVersion = 46;
	objects = {

/* Begin PBXBuildFile section */
		B81E2DCF1D24FDAB0084DD41 /* main.m in Sources */ = {isa = PBXBuildFile; fileRef = B81E2DCE1D24FDAB0084DD41 /* main.m */; };
		B81E2DD21D24FDAB0084DD41 /* AppDelegate.m in Sources */ = {isa = PBXBuildFile; fileRef = B81E2DD11D24FDAB0084DD41 /* AppDelegate.m */; };
		B81E2DDA1D24FDAB0084DD41 /* Assets.xcassets in Resources */ = {isa = PBXBuildFile; fileRef = B81E2DD91D24FDAB0084DD41 /* Assets.xcassets */; };
		B81E2DE81D24FEDA0084DD41 /* MainViewController.m in Sources */ = {isa = PBXBuildFile; fileRef = B81E2DE71D24FEDA0084DD41 /* MainViewController.m */; };
		B81E2DEB1D24FF7E0084DD41 /* GetNSPredicateViewController.m in Sources */ = {isa = PBXBuildFile; fileRef = B81E2DEA1D24FF7E0084DD41 /* GetNSPredicateViewController.m */; };
/* End PBXBuildFile section */

/* Begin PBXFileReference section */
		B81E2DCA1D24FDAB0084DD41 /* LearnObjective-C.app */ = {isa = PBXFileReference; explicitFileType = wrapper.application; includeInIndex = 0; path = "LearnObjective-C.app"; sourceTree = BUILT_PRODUCTS_DIR; };
		B81E2DCE1D24FDAB0084DD41 /* main.m */ = {isa = PBXFileReference; lastKnownFileType = sourcecode.c.objc; path = main.m; sourceTree = "<group>"; };
		B81E2DD01D24FDAB0084DD41 /* AppDelegate.h */ = {isa = PBXFileReference; lastKnownFileType = sourcecode.c.h; path = AppDelegate.h; sourceTree = "<group>"; };
		B81E2DD11D24FDAB0084DD41 /* AppDelegate.m */ = {isa = PBXFileReference; lastKnownFileType = sourcecode.c.objc; path = AppDelegate.m; sourceTree = "<group>"; };
		B81E2DD91D24FDAB0084DD41 /* Assets.xcassets */ = {isa = PBXFileReference; lastKnownFileType = folder.assetcatalog; path = Assets.xcassets; sourceTree = "<group>"; };
		B81E2DDE1D24FDAB0084DD41 /* Info.plist */ = {isa = PBXFileReference; lastKnownFileType = text.plist.xml; path = Info.plist; sourceTree = "<group>"; };
		B81E2DE61D24FEDA0084DD41 /* MainViewController.h */ = {isa = PBXFileReference; fileEncoding = 4; lastKnownFileType = sourcecode.c.h; path = MainViewController.h; sourceTree = "<group>"; };
		B81E2DE71D24FEDA0084DD41 /* MainViewController.m */ = {isa = PBXFileReference; fileEncoding = 4; lastKnownFileType = sourcecode.c.objc; path = MainViewController.m; sourceTree = "<group>"; };
		B81E2DE91D24FF7E0084DD41 /* GetNSPredicateViewController.h */ = {isa = PBXFileReference; fileEncoding = 4; lastKnownFileType = sourcecode.c.h; path = GetNSPredicateViewController.h; sourceTree = "<group>"; };
		B81E2DEA1D24FF7E0084DD41 /* GetNSPredicateViewController.m */ = {isa = PBXFileReference; fileEncoding = 4; lastKnownFileType = sourcecode.c.objc; path = GetNSPredicateViewController.m; sourceTree = "<group>"; };
/* End PBXFileReference section */

/* Begin PBXFrameworksBuildPhase section */
		B81E2DC71D24FDAB0084DD41 /* Frameworks */ = {
			isa = PBXFrameworksBuildPhase;
			buildActionMask = 2147483647;
			files = (
			);
			runOnlyForDeploymentPostprocessing = 0;
		};
/* End PBXFrameworksBuildPhase section */

/* Begin PBXGroup section */
		B81E2DC11D24FDAB0084DD41 = {
			isa = PBXGroup;
			children = (
				B81E2DCC1D24FDAB0084DD41 /* LearnObjective-C */,
				B81E2DE51D24FE7D0084DD41 /* NSPredicate */,
				B81E2DCB1D24FDAB0084DD41 /* Products */,
			);
			sourceTree = "<group>";
		};
		B81E2DCB1D24FDAB0084DD41 /* Products */ = {
			isa = PBXGroup;
			children = (
				B81E2DCA1D24FDAB0084DD41 /* LearnObjective-C.app */,
			);
			name = Products;
			sourceTree = "<group>";
		};
		B81E2DCC1D24FDAB0084DD41 /* LearnObjective-C */ = {
			isa = PBXGroup;
			children = (
				B81E2DD01D24FDAB0084DD41 /* AppDelegate.h */,
				B81E2DD11D24FDAB0084DD41 /* AppDelegate.m */,
				B81E2DE61D24FEDA0084DD41 /* MainViewController.h */,
				B81E2DE71D24FEDA0084DD41 /* MainViewController.m */,
				B81E2DD91D24FDAB0084DD41 /* Assets.xcassets */,
				B81E2DDE1D24FDAB0084DD41 /* Info.plist */,
				B81E2DCD1D24FDAB0084DD41 /* Supporting Files */,
			);
			path = "LearnObjective-C";
			sourceTree = "<group>";
		};
		B81E2DCD1D24FDAB0084DD41 /* Supporting Files */ = {
			isa = PBXGroup;
			children = (
				B81E2DCE1D24FDAB0084DD41 /* main.m */,
			);
			name = "Supporting Files";
			sourceTree = "<group>";
		};
		B81E2DE51D24FE7D0084DD41 /* NSPredicate */ = {
			isa = PBXGroup;
			children = (
				B81E2DE91D24FF7E0084DD41 /* GetNSPredicateViewController.h */,
				B81E2DEA1D24FF7E0084DD41 /* GetNSPredicateViewController.m */,
			);
			path = NSPredicate;
			sourceTree = "<group>";
		};
/* End PBXGroup section */

/* Begin PBXNativeTarget section */
		B81E2DC91D24FDAB0084DD41 /* LearnObjective-C */ = {
			isa = PBXNativeTarget;
			buildConfigurationList = B81E2DE11D24FDAB0084DD41 /* Build configuration list for PBXNativeTarget "LearnObjective-C" */;
			buildPhases = (
				B81E2DC61D24FDAB0084DD41 /* Sources */,
				B81E2DC71D24FDAB0084DD41 /* Frameworks */,
				B81E2DC81D24FDAB0084DD41 /* Resources */,
			);
			buildRules = (
			);
			dependencies = (
			);
			name = "LearnObjective-C";
			productName = "LearnObjective-C";
			productReference = B81E2DCA1D24FDAB0084DD41 /* LearnObjective-C.app */;
			productType = "com.apple.product-type.application";
		};
/* End PBXNativeTarget section */

/* Begin PBXProject section */
		B81E2DC21D24FDAB0084DD41 /* Project object */ = {
			isa = PBXProject;
			attributes = {
				LastUpgradeCheck = 0730;
				ORGANIZATIONNAME = Dwight;
				TargetAttributes = {
					B81E2DC91D24FDAB0084DD41 = {
						CreatedOnToolsVersion = 7.3;
					};
				};
			};
			buildConfigurationList = B81E2DC51D24FDAB0084DD41 /* Build configuration list for PBXProject "LearnObjective-C" */;
			compatibilityVersion = "Xcode 3.2";
			developmentRegion = English;
			hasScannedForEncodings = 0;
			knownRegions = (
				en,
				Base,
			);
			mainGroup = B81E2DC11D24FDAB0084DD41;
			productRefGroup = B81E2DCB1D24FDAB0084DD41 /* Products */;
			projectDirPath = "";
			projectRoot = "";
			targets = (
				B81E2DC91D24FDAB0084DD41 /* LearnObjective-C */,
			);
		};
/* End PBXProject section */

/* Begin PBXResourcesBuildPhase section */
		B81E2DC81D24FDAB0084DD41 /* Resources */ = {
			isa = PBXResourcesBuildPhase;
			buildActionMask = 2147483647;
			files = (
				B81E2DDA1D24FDAB0084DD41 /* Assets.xcassets in Resources */,
			);
			runOnlyForDeploymentPostprocessing = 0;
		};
/* End PBXResourcesBuildPhase section */

/* Begin PBXSourcesBuildPhase section */
		B81E2DC61D24FDAB0084DD41 /* Sources */ = {
			isa = PBXSourcesBuildPhase;
			buildActionMask = 2147483647;
			files = (
				B81E2DD21D24FDAB0084DD41 /* AppDelegate.m in Sources */,
				B81E2DE81D24FEDA0084DD41 /* MainViewController.m in Sources */,
				B81E2DEB1D24FF7E0084DD41 /* GetNSPredicateViewController.m in Sources */,
				B81E2DCF1D24FDAB0084DD41 /* main.m in Sources */,
			);
			runOnlyForDeploymentPostprocessing = 0;
		};
/* End PBXSourcesBuildPhase section */

/* Begin XCBuildConfiguration section */
		B81E2DDF1D24FDAB0084DD41 /* Debug */ = {
			isa = XCBuildConfiguration;
			buildSettings = {
				ALWAYS_SEARCH_USER_PATHS = NO;
				CLANG_ANALYZER_NONNULL = YES;
				CLANG_CXX_LANGUAGE_STANDARD = "gnu++0x";
				CLANG_CXX_LIBRARY = "libc++";
				CLANG_ENABLE_MODULES = YES;
				CLANG_ENABLE_OBJC_ARC = YES;
				CLANG_WARN_BOOL_CONVERSION = YES;
				CLANG_WARN_CONSTANT_CONVERSION = YES;
				CLANG_WARN_DIRECT_OBJC_ISA_USAGE = YES_ERROR;
				CLANG_WARN_EMPTY_BODY = YES;
				CLANG_WARN_ENUM_CONVERSION = YES;
				CLANG_WARN_INT_CONVERSION = YES;
				CLANG_WARN_OBJC_ROOT_CLASS = YES_ERROR;
				CLANG_WARN_UNREACHABLE_CODE = YES;
				CLANG_WARN__DUPLICATE_METHOD_MATCH = YES;
				"CODE_SIGN_IDENTITY[sdk=iphoneos*]" = "iPhone Developer";
				COPY_PHASE_STRIP = NO;
				DEBUG_INFORMATION_FORMAT = dwarf;
				ENABLE_STRICT_OBJC_MSGSEND = YES;
				ENABLE_TESTABILITY = YES;
				GCC_C_LANGUAGE_STANDARD = gnu99;
				GCC_DYNAMIC_NO_PIC = NO;
				GCC_NO_COMMON_BLOCKS = YES;
				GCC_OPTIMIZATION_LEVEL = 0;
				GCC_PREPROCESSOR_DEFINITIONS = (
					"DEBUG=1",
					"$(inherited)",
				);
				GCC_WARN_64_TO_32_BIT_CONVERSION = YES;
				GCC_WARN_ABOUT_RETURN_TYPE = YES_ERROR;
				GCC_WARN_UNDECLARED_SELECTOR = YES;
				GCC_WARN_UNINITIALIZED_AUTOS = YES_AGGRESSIVE;
				GCC_WARN_UNUSED_FUNCTION = YES;
				GCC_WARN_UNUSED_VARIABLE = YES;
				IPHONEOS_DEPLOYMENT_TARGET = 9.3;
				MTL_ENABLE_DEBUG_INFO = YES;
				ONLY_ACTIVE_ARCH = YES;
				SDKROOT = iphoneos;
				TARGETED_DEVICE_FAMILY = "1,2";
			};
			name = Debug;
		};
		B81E2DE01D24FDAB0084DD41 /* Release */ = {
			isa = XCBuildConfiguration;
			buildSettings = {
				ALWAYS_SEARCH_USER_PATHS = NO;
				CLANG_ANALYZER_NONNULL = YES;
				CLANG_CXX_LANGUAGE_STANDARD = "gnu++0x";
				CLANG_CXX_LIBRARY = "libc++";
				CLANG_ENABLE_MODULES = YES;
				CLANG_ENABLE_OBJC_ARC = YES;
				CLANG_WARN_BOOL_CONVERSION = YES;
				CLANG_WARN_CONSTANT_CONVERSION = YES;
				CLANG_WARN_DIRECT_OBJC_ISA_USAGE = YES_ERROR;
				CLANG_WARN_EMPTY_BODY = YES;
				CLANG_WARN_ENUM_CONVERSION = YES;
				CLANG_WARN_INT_CONVERSION = YES;
				CLANG_WARN_OBJC_ROOT_CLASS = YES_ERROR;
				CLANG_WARN_UNREACHABLE_CODE = YES;
				CLANG_WARN__DUPLICATE_METHOD_MATCH = YES;
				"CODE_SIGN_IDENTITY[sdk=iphoneos*]" = "iPhone Developer";
				COPY_PHASE_STRIP = NO;
				DEBUG_INFORMATION_FORMAT = "dwarf-with-dsym";
				ENABLE_NS_ASSERTIONS = NO;
				ENABLE_STRICT_OBJC_MSGSEND = YES;
				GCC_C_LANGUAGE_STANDARD = gnu99;
				GCC_NO_COMMON_BLOCKS = YES;
				GCC_WARN_64_TO_32_BIT_CONVERSION = YES;
				GCC_WARN_ABOUT_RETURN_TYPE = YES_ERROR;
				GCC_WARN_UNDECLARED_SELECTOR = YES;
				GCC_WARN_UNINITIALIZED_AUTOS = YES_AGGRESSIVE;
				GCC_WARN_UNUSED_FUNCTION = YES;
				GCC_WARN_UNUSED_VARIABLE = YES;
				IPHONEOS_DEPLOYMENT_TARGET = 9.3;
				MTL_ENABLE_DEBUG_INFO = NO;
				SDKROOT = iphoneos;
				TARGETED_DEVICE_FAMILY = "1,2";
				VALIDATE_PRODUCT = YES;
			};
			name = Release;
		};
		B81E2DE21D24FDAB0084DD41 /* Debug */ = {
			isa = XCBuildConfiguration;
			buildSettings = {
				ASSETCATALOG_COMPILER_APPICON_NAME = AppIcon;
				INFOPLIST_FILE = "LearnObjective-C/Info.plist";
				LD_RUNPATH_SEARCH_PATHS = "$(inherited) @executable_path/Frameworks";
				PRODUCT_BUNDLE_IDENTIFIER = "Dwight.LearnObjective-C";
				PRODUCT_NAME = "$(TARGET_NAME)";
			};
			name = Debug;
		};
		B81E2DE31D24FDAB0084DD41 /* Release */ = {
			isa = XCBuildConfiguration;
			buildSettings = {
				ASSETCATALOG_COMPILER_APPICON_NAME = AppIcon;
				INFOPLIST_FILE = "LearnObjective-C/Info.plist";
				LD_RUNPATH_SEARCH_PATHS = "$(inherited) @executable_path/Frameworks";
				PRODUCT_BUNDLE_IDENTIFIER = "Dwight.LearnObjective-C";
				PRODUCT_NAME = "$(TARGET_NAME)";
			};
			name = Release;
		};
/* End XCBuildConfiguration section */

/* Begin XCConfigurationList section */
		B81E2DC51D24FDAB0084DD41 /* Build configuration list for PBXProject "LearnObjective-C" */ = {
			isa = XCConfigurationList;
			buildConfigurations = (
				B81E2DDF1D24FDAB0084DD41 /* Debug */,
				B81E2DE01D24FDAB0084DD41 /* Release */,
			);
			defaultConfigurationIsVisible = 0;
			defaultConfigurationName = Release;
		};
		B81E2DE11D24FDAB0084DD41 /* Build configuration list for PBXNativeTarget "LearnObjective-C" */ = {
			isa = XCConfigurationList;
			buildConfigurations = (
				B81E2DE21D24FDAB0084DD41 /* Debug */,
				B81E2DE31D24FDAB0084DD41 /* Release */,
			);
			defaultConfigurationIsVisible = 0;
			defaultConfigurationName = Release;
		};
/* End XCConfigurationList section */
	};
	rootObject = B81E2DC21D24FDAB0084DD41 /* Project object */;
}
